
Microsoft Visual Studio Solution File, Format Version 12.00
# Visual Studio Version 17
VisualStudioVersion = 17.10.35013.160
MinimumVisualStudioVersion = 10.0.40219.1
Project("{FAE04EC0-301F-11D3-BF4B-00C04F79EFBC}") = "RecipeBook", "RecipeBook\RecipeBook.csproj", "{0B4D0BD8-7975-4DD8-9309-2543D74E31F8}"
EndProject
Project("{FAE04EC0-301F-11D3-BF4B-00C04F79EFBC}") = "Database", "Database\Database.csproj", "{8DF3F78E-3244-40C5-81C6-947DD9972336}"
EndProject
Global
	GlobalSection(SolutionConfigurationPlatforms) = preSolution
		Debug|Any CPU = Debug|Any CPU
		Release|Any CPU = Release|Any CPU
	EndGlobalSection
	GlobalSection(ProjectConfigurationPlatforms) = postSolution
		{0B4D0BD8-7975-4DD8-9309-2543D74E31F8}.Debug|Any CPU.ActiveCfg = Debug|Any CPU
		{0B4D0BD8-7975-4DD8-9309-2543D74E31F8}.Debug|Any CPU.Build.0 = Debug|Any CPU
		{0B4D0BD8-7975-4DD8-9309-2543D74E31F8}.Release|Any CPU.ActiveCfg = Release|Any CPU
		{0B4D0BD8-7975-4DD8-9309-2543D74E31F8}.Release|Any CPU.Build.0 = Release|Any CPU
		{8DF3F78E-3244-40C5-81C6-947DD9972336}.Debug|Any CPU.ActiveCfg = Debug|Any CPU
		{8DF3F78E-3244-40C5-81C6-947DD9972336}.Debug|Any CPU.Build.0 = Debug|Any CPU
		{8DF3F78E-3244-40C5-81C6-947DD9972336}.Release|Any CPU.ActiveCfg = Release|Any CPU
		{8DF3F78E-3244-40C5-81C6-947DD9972336}.Release|Any CPU.Build.0 = Release|Any CPU
	EndGlobalSection
	GlobalSection(SolutionProperties) = preSolution
		HideSolutionNode = FALSE
	EndGlobalSection
	GlobalSection(ExtensibilityGlobals) = postSolution
		SolutionGuid = {D16911B3-FA56-4F0A-921E-49F729D62243}
	EndGlobalSection
EndGlobal
